
Microsoft Visual Studio Solution File, Format Version 12.00
# Visual Studio Version 17
VisualStudioVersion = 17.2.32505.173
MinimumVisualStudioVersion = 10.0.40219.1
Project("{FAE04EC0-301F-11D3-BF4B-00C04F79EFBC}") = "YazılımYapımı", "YazılımYapımı\YazılımYapımı.csproj", "{AFEB0EA1-8E6F-47EE-AAD1-E145378740C8}"
EndProject
Global
	GlobalSection(SolutionConfigurationPlatforms) = preSolution
		Debug|Any CPU = Debug|Any CPU
		Release|Any CPU = Release|Any CPU
	EndGlobalSection
	GlobalSection(ProjectConfigurationPlatforms) = postSolution
		{AFEB0EA1-8E6F-47EE-AAD1-E145378740C8}.Debug|Any CPU.ActiveCfg = Debug|Any CPU
		{AFEB0EA1-8E6F-47EE-AAD1-E145378740C8}.Debug|Any CPU.Build.0 = Debug|Any CPU
		{AFEB0EA1-8E6F-47EE-AAD1-E145378740C8}.Release|Any CPU.ActiveCfg = Release|Any CPU
		{AFEB0EA1-8E6F-47EE-AAD1-E145378740C8}.Release|Any CPU.Build.0 = Release|Any CPU
	EndGlobalSection
	GlobalSection(SolutionProperties) = preSolution
		HideSolutionNode = FALSE
	EndGlobalSection
	GlobalSection(ExtensibilityGlobals) = postSolution
		SolutionGuid = {651A82B7-C12A-4C81-82B4-4B69714B38A6}
	EndGlobalSection
EndGlobal
